// !$*UTF8*$!
{
	archiveVersion = 1;
	classes = {
	};
	objectVersion = 46;
	objects = {

/* Begin PBXBuildFile section */
		CBB31FFD92BDC6F57E8DD604 /* libPods-Sainet.a in Frameworks */ = {isa = PBXBuildFile; fileRef = 5DF07AF119D770704CADC304 /* libPods-Sainet.a */; };
		DE2F67F21DC4F8910058FA35 /* main.m in Sources */ = {isa = PBXBuildFile; fileRef = DE2F67F11DC4F8910058FA35 /* main.m */; };
		DE2F67F51DC4F8910058FA35 /* AppDelegate.m in Sources */ = {isa = PBXBuildFile; fileRef = DE2F67F41DC4F8910058FA35 /* AppDelegate.m */; };
		DE2F67F81DC4F8910058FA35 /* ViewController.m in Sources */ = {isa = PBXBuildFile; fileRef = DE2F67F71DC4F8910058FA35 /* ViewController.m */; };
		DE2F67FB1DC4F8910058FA35 /* Main.storyboard in Resources */ = {isa = PBXBuildFile; fileRef = DE2F67F91DC4F8910058FA35 /* Main.storyboard */; };
		DE2F67FD1DC4F8910058FA35 /* Assets.xcassets in Resources */ = {isa = PBXBuildFile; fileRef = DE2F67FC1DC4F8910058FA35 /* Assets.xcassets */; };
		DE2F68001DC4F8910058FA35 /* LaunchScreen.storyboard in Resources */ = {isa = PBXBuildFile; fileRef = DE2F67FE1DC4F8910058FA35 /* LaunchScreen.storyboard */; };
		DE2F68091DC51C330058FA35 /* MapViewController.m in Sources */ = {isa = PBXBuildFile; fileRef = DE2F68081DC51C330058FA35 /* MapViewController.m */; };
		DE2F680C1DC51CC90058FA35 /* MapKit.framework in Frameworks */ = {isa = PBXBuildFile; fileRef = DE2F680B1DC51CC90058FA35 /* MapKit.framework */; };
		DE2F680F1DC526260058FA35 /* Lugar.m in Sources */ = {isa = PBXBuildFile; fileRef = DE2F680E1DC526260058FA35 /* Lugar.m */; };
		DE9A1E101DC6754800B783A1 /* SWRevealViewController.m in Sources */ = {isa = PBXBuildFile; fileRef = DE9A1E0F1DC6754800B783A1 /* SWRevealViewController.m */; };
		DE9A1E131DC677EB00B783A1 /* MenuViewController.m in Sources */ = {isa = PBXBuildFile; fileRef = DE9A1E121DC677EB00B783A1 /* MenuViewController.m */; };
		DE9A1E161DC679FA00B783A1 /* NewPlaceViewController.m in Sources */ = {isa = PBXBuildFile; fileRef = DE9A1E151DC679FA00B783A1 /* NewPlaceViewController.m */; };
		DE9A1E191DC6874100B783A1 /* LogInViewController.m in Sources */ = {isa = PBXBuildFile; fileRef = DE9A1E181DC6874100B783A1 /* LogInViewController.m */; };
		DE9A1E1B1DC69F9B00B783A1 /* CoreLocation.framework in Frameworks */ = {isa = PBXBuildFile; fileRef = DE9A1E1A1DC69F9B00B783A1 /* CoreLocation.framework */; };
		DE9A1E1E1DC6CF9F00B783A1 /* Reachability.m in Sources */ = {isa = PBXBuildFile; fileRef = DE9A1E1D1DC6CF9F00B783A1 /* Reachability.m */; };
		DE9A1E211DC6CFCC00B783A1 /* MBProgressHUD.m in Sources */ = {isa = PBXBuildFile; fileRef = DE9A1E201DC6CFCC00B783A1 /* MBProgressHUD.m */; };
		DE9A1E251DC6FCF300B783A1 /* Usuario.m in Sources */ = {isa = PBXBuildFile; fileRef = DE9A1E241DC6FCF300B783A1 /* Usuario.m */; };
		DE9A1E281DC7095000B783A1 /* ViewPlaceViewController.m in Sources */ = {isa = PBXBuildFile; fileRef = DE9A1E271DC7095000B783A1 /* ViewPlaceViewController.m */; };
		DECD68AD1DC5376600708E37 /* ListTableViewCell.m in Sources */ = {isa = PBXBuildFile; fileRef = DECD68AC1DC5376600708E37 /* ListTableViewCell.m */; };
		DECD68AF1DC53F3800708E37 /* libsqlite3.tbd in Frameworks */ = {isa = PBXBuildFile; fileRef = DECD68AE1DC53F3800708E37 /* libsqlite3.tbd */; };
/* End PBXBuildFile section */

/* Begin PBXFileReference section */
		5DF07AF119D770704CADC304 /* libPods-Sainet.a */ = {isa = PBXFileReference; explicitFileType = archive.ar; includeInIndex = 0; path = "libPods-Sainet.a"; sourceTree = BUILT_PRODUCTS_DIR; };
		9386961E1AF8E965DD411914 /* Pods-Sainet.debug.xcconfig */ = {isa = PBXFileReference; includeInIndex = 1; lastKnownFileType = text.xcconfig; name = "Pods-Sainet.debug.xcconfig"; path = "Pods/Target Support Files/Pods-Sainet/Pods-Sainet.debug.xcconfig"; sourceTree = "<group>"; };
		C23C2A8F2FD6D0BC2DFEB017 /* Pods-Sainet.release.xcconfig */ = {isa = PBXFileReference; includeInIndex = 1; lastKnownFileType = text.xcconfig; name = "Pods-Sainet.release.xcconfig"; path = "Pods/Target Support Files/Pods-Sainet/Pods-Sainet.release.xcconfig"; sourceTree = "<group>"; };
		DE2F67ED1DC4F8910058FA35 /* Sainet.app */ = {isa = PBXFileReference; explicitFileType = wrapper.application; includeInIndex = 0; path = Sainet.app; sourceTree = BUILT_PRODUCTS_DIR; };
		DE2F67F11DC4F8910058FA35 /* main.m */ = {isa = PBXFileReference; lastKnownFileType = sourcecode.c.objc; path = main.m; sourceTree = "<group>"; };
		DE2F67F31DC4F8910058FA35 /* AppDelegate.h */ = {isa = PBXFileReference; lastKnownFileType = sourcecode.c.h; path = AppDelegate.h; sourceTree = "<group>"; };
		DE2F67F41DC4F8910058FA35 /* AppDelegate.m */ = {isa = PBXFileReference; lastKnownFileType = sourcecode.c.objc; path = AppDelegate.m; sourceTree = "<group>"; };
		DE2F67F61DC4F8910058FA35 /* ViewController.h */ = {isa = PBXFileReference; lastKnownFileType = sourcecode.c.h; path = ViewController.h; sourceTree = "<group>"; };
		DE2F67F71DC4F8910058FA35 /* ViewController.m */ = {isa = PBXFileReference; lastKnownFileType = sourcecode.c.objc; path = ViewController.m; sourceTree = "<group>"; };
		DE2F67FA1DC4F8910058FA35 /* Base */ = {isa = PBXFileReference; lastKnownFileType = file.storyboard; name = Base; path = Base.lproj/Main.storyboard; sourceTree = "<group>"; };
		DE2F67FC1DC4F8910058FA35 /* Assets.xcassets */ = {isa = PBXFileReference; lastKnownFileType = folder.assetcatalog; path = Assets.xcassets; sourceTree = "<group>"; };
		DE2F67FF1DC4F8910058FA35 /* Base */ = {isa = PBXFileReference; lastKnownFileType = file.storyboard; name = Base; path = Base.lproj/LaunchScreen.storyboard; sourceTree = "<group>"; };
		DE2F68011DC4F8910058FA35 /* Info.plist */ = {isa = PBXFileReference; lastKnownFileType = text.plist.xml; path = Info.plist; sourceTree = "<group>"; };
		DE2F68071DC51C330058FA35 /* MapViewController.h */ = {isa = PBXFileReference; fileEncoding = 4; lastKnownFileType = sourcecode.c.h; path = MapViewController.h; sourceTree = "<group>"; };
		DE2F68081DC51C330058FA35 /* MapViewController.m */ = {isa = PBXFileReference; fileEncoding = 4; lastKnownFileType = sourcecode.c.objc; path = MapViewController.m; sourceTree = "<group>"; };
		DE2F680B1DC51CC90058FA35 /* MapKit.framework */ = {isa = PBXFileReference; lastKnownFileType = wrapper.framework; name = MapKit.framework; path = System/Library/Frameworks/MapKit.framework; sourceTree = SDKROOT; };
		DE2F680D1DC526260058FA35 /* Lugar.h */ = {isa = PBXFileReference; fileEncoding = 4; lastKnownFileType = sourcecode.c.h; path = Lugar.h; sourceTree = "<group>"; };
		DE2F680E1DC526260058FA35 /* Lugar.m */ = {isa = PBXFileReference; fileEncoding = 4; lastKnownFileType = sourcecode.c.objc; path = Lugar.m; sourceTree = "<group>"; };
		DE9A1E0E1DC6754800B783A1 /* SWRevealViewController.h */ = {isa = PBXFileReference; fileEncoding = 4; lastKnownFileType = sourcecode.c.h; path = SWRevealViewController.h; sourceTree = "<group>"; };
		DE9A1E0F1DC6754800B783A1 /* SWRevealViewController.m */ = {isa = PBXFileReference; fileEncoding = 4; lastKnownFileType = sourcecode.c.objc; path = SWRevealViewController.m; sourceTree = "<group>"; };
		DE9A1E111DC677EB00B783A1 /* MenuViewController.h */ = {isa = PBXFileReference; fileEncoding = 4; lastKnownFileType = sourcecode.c.h; path = MenuViewController.h; sourceTree = "<group>"; };
		DE9A1E121DC677EB00B783A1 /* MenuViewController.m */ = {isa = PBXFileReference; fileEncoding = 4; lastKnownFileType = sourcecode.c.objc; path = MenuViewController.m; sourceTree = "<group>"; };
		DE9A1E141DC679FA00B783A1 /* NewPlaceViewController.h */ = {isa = PBXFileReference; fileEncoding = 4; lastKnownFileType = sourcecode.c.h; path = NewPlaceViewController.h; sourceTree = "<group>"; };
		DE9A1E151DC679FA00B783A1 /* NewPlaceViewController.m */ = {isa = PBXFileReference; fileEncoding = 4; lastKnownFileType = sourcecode.c.objc; path = NewPlaceViewController.m; sourceTree = "<group>"; };
		DE9A1E171DC6874100B783A1 /* LogInViewController.h */ = {isa = PBXFileReference; fileEncoding = 4; lastKnownFileType = sourcecode.c.h; path = LogInViewController.h; sourceTree = "<group>"; };
		DE9A1E181DC6874100B783A1 /* LogInViewController.m */ = {isa = PBXFileReference; fileEncoding = 4; lastKnownFileType = sourcecode.c.objc; path = LogInViewController.m; sourceTree = "<group>"; };
		DE9A1E1A1DC69F9B00B783A1 /* CoreLocation.framework */ = {isa = PBXFileReference; lastKnownFileType = wrapper.framework; name = CoreLocation.framework; path = System/Library/Frameworks/CoreLocation.framework; sourceTree = SDKROOT; };
		DE9A1E1C1DC6CF9F00B783A1 /* Reachability.h */ = {isa = PBXFileReference; fileEncoding = 4; lastKnownFileType = sourcecode.c.h; path = Reachability.h; sourceTree = "<group>"; };
		DE9A1E1D1DC6CF9F00B783A1 /* Reachability.m */ = {isa = PBXFileReference; fileEncoding = 4; lastKnownFileType = sourcecode.c.objc; path = Reachability.m; sourceTree = "<group>"; };
		DE9A1E1F1DC6CFCC00B783A1 /* MBProgressHUD.h */ = {isa = PBXFileReference; fileEncoding = 4; lastKnownFileType = sourcecode.c.h; path = MBProgressHUD.h; sourceTree = "<group>"; };
		DE9A1E201DC6CFCC00B783A1 /* MBProgressHUD.m */ = {isa = PBXFileReference; fileEncoding = 4; lastKnownFileType = sourcecode.c.objc; path = MBProgressHUD.m; sourceTree = "<group>"; };
		DE9A1E221DC6D22100B783A1 /* Sainet.entitlements */ = {isa = PBXFileReference; lastKnownFileType = text.plist.entitlements; path = Sainet.entitlements; sourceTree = "<group>"; };
		DE9A1E231DC6FCF300B783A1 /* Usuario.h */ = {isa = PBXFileReference; fileEncoding = 4; lastKnownFileType = sourcecode.c.h; path = Usuario.h; sourceTree = "<group>"; };
		DE9A1E241DC6FCF300B783A1 /* Usuario.m */ = {isa = PBXFileReference; fileEncoding = 4; lastKnownFileType = sourcecode.c.objc; path = Usuario.m; sourceTree = "<group>"; };
		DE9A1E261DC7095000B783A1 /* ViewPlaceViewController.h */ = {isa = PBXFileReference; fileEncoding = 4; lastKnownFileType = sourcecode.c.h; path = ViewPlaceViewController.h; sourceTree = "<group>"; };
		DE9A1E271DC7095000B783A1 /* ViewPlaceViewController.m */ = {isa = PBXFileReference; fileEncoding = 4; lastKnownFileType = sourcecode.c.objc; path = ViewPlaceViewController.m; sourceTree = "<group>"; };
		DECD68AB1DC5376600708E37 /* ListTableViewCell.h */ = {isa = PBXFileReference; fileEncoding = 4; lastKnownFileType = sourcecode.c.h; path = ListTableViewCell.h; sourceTree = "<group>"; };
		DECD68AC1DC5376600708E37 /* ListTableViewCell.m */ = {isa = PBXFileReference; fileEncoding = 4; lastKnownFileType = sourcecode.c.objc; path = ListTableViewCell.m; sourceTree = "<group>"; };
		DECD68AE1DC53F3800708E37 /* libsqlite3.tbd */ = {isa = PBXFileReference; lastKnownFileType = "sourcecode.text-based-dylib-definition"; name = libsqlite3.tbd; path = usr/lib/libsqlite3.tbd; sourceTree = SDKROOT; };
/* End PBXFileReference section */

/* Begin PBXFrameworksBuildPhase section */
		DE2F67EA1DC4F88F0058FA35 /* Frameworks */ = {
			isa = PBXFrameworksBuildPhase;
			buildActionMask = 2147483647;
			files = (
				DE9A1E1B1DC69F9B00B783A1 /* CoreLocation.framework in Frameworks */,
				DECD68AF1DC53F3800708E37 /* libsqlite3.tbd in Frameworks */,
				DE2F680C1DC51CC90058FA35 /* MapKit.framework in Frameworks */,
				CBB31FFD92BDC6F57E8DD604 /* libPods-Sainet.a in Frameworks */,
			);
			runOnlyForDeploymentPostprocessing = 0;
		};
/* End PBXFrameworksBuildPhase section */

/* Begin PBXGroup section */
		58605BBE3AE4ACB33BAF3D7D /* Pods */ = {
			isa = PBXGroup;
			children = (
				9386961E1AF8E965DD411914 /* Pods-Sainet.debug.xcconfig */,
				C23C2A8F2FD6D0BC2DFEB017 /* Pods-Sainet.release.xcconfig */,
			);
			name = Pods;
			sourceTree = "<group>";
		};
		DE2F67E41DC4F88F0058FA35 = {
			isa = PBXGroup;
			children = (
				DE2F67EF1DC4F8910058FA35 /* Sainet */,
				DE2F67EE1DC4F8910058FA35 /* Products */,
				DE2F680A1DC51CC90058FA35 /* Frameworks */,
				58605BBE3AE4ACB33BAF3D7D /* Pods */,
			);
			sourceTree = "<group>";
		};
		DE2F67EE1DC4F8910058FA35 /* Products */ = {
			isa = PBXGroup;
			children = (
				DE2F67ED1DC4F8910058FA35 /* Sainet.app */,
			);
			name = Products;
			sourceTree = "<group>";
		};
		DE2F67EF1DC4F8910058FA35 /* Sainet */ = {
			isa = PBXGroup;
			children = (
				DE9A1E221DC6D22100B783A1 /* Sainet.entitlements */,
				DE2F67F31DC4F8910058FA35 /* AppDelegate.h */,
				DE2F67F41DC4F8910058FA35 /* AppDelegate.m */,
				DE2F67F61DC4F8910058FA35 /* ViewController.h */,
				DE2F67F71DC4F8910058FA35 /* ViewController.m */,
				DE2F67F91DC4F8910058FA35 /* Main.storyboard */,
				DE2F67FC1DC4F8910058FA35 /* Assets.xcassets */,
				DE2F67FE1DC4F8910058FA35 /* LaunchScreen.storyboard */,
				DE2F68011DC4F8910058FA35 /* Info.plist */,
				DE2F67F01DC4F8910058FA35 /* Supporting Files */,
				DE2F68071DC51C330058FA35 /* MapViewController.h */,
				DE2F68081DC51C330058FA35 /* MapViewController.m */,
				DE9A1E0E1DC6754800B783A1 /* SWRevealViewController.h */,
				DE9A1E0F1DC6754800B783A1 /* SWRevealViewController.m */,
				DE2F680D1DC526260058FA35 /* Lugar.h */,
				DE2F680E1DC526260058FA35 /* Lugar.m */,
				DE9A1E1F1DC6CFCC00B783A1 /* MBProgressHUD.h */,
				DE9A1E201DC6CFCC00B783A1 /* MBProgressHUD.m */,
				DE9A1E1C1DC6CF9F00B783A1 /* Reachability.h */,
				DE9A1E1D1DC6CF9F00B783A1 /* Reachability.m */,
				DECD68AB1DC5376600708E37 /* ListTableViewCell.h */,
				DECD68AC1DC5376600708E37 /* ListTableViewCell.m */,
				DE9A1E111DC677EB00B783A1 /* MenuViewController.h */,
				DE9A1E121DC677EB00B783A1 /* MenuViewController.m */,
				DE9A1E141DC679FA00B783A1 /* NewPlaceViewController.h */,
				DE9A1E151DC679FA00B783A1 /* NewPlaceViewController.m */,
				DE9A1E171DC6874100B783A1 /* LogInViewController.h */,
				DE9A1E181DC6874100B783A1 /* LogInViewController.m */,
				DE9A1E231DC6FCF300B783A1 /* Usuario.h */,
				DE9A1E241DC6FCF300B783A1 /* Usuario.m */,
				DE9A1E261DC7095000B783A1 /* ViewPlaceViewController.h */,
				DE9A1E271DC7095000B783A1 /* ViewPlaceViewController.m */,
			);
			path = Sainet;
			sourceTree = "<group>";
		};
		DE2F67F01DC4F8910058FA35 /* Supporting Files */ = {
			isa = PBXGroup;
			children = (
				DE2F67F11DC4F8910058FA35 /* main.m */,
			);
			name = "Supporting Files";
			sourceTree = "<group>";
		};
		DE2F680A1DC51CC90058FA35 /* Frameworks */ = {
			isa = PBXGroup;
			children = (
				DE9A1E1A1DC69F9B00B783A1 /* CoreLocation.framework */,
				DECD68AE1DC53F3800708E37 /* libsqlite3.tbd */,
				DE2F680B1DC51CC90058FA35 /* MapKit.framework */,
				5DF07AF119D770704CADC304 /* libPods-Sainet.a */,
			);
			name = Frameworks;
			sourceTree = "<group>";
		};
/* End PBXGroup section */

/* Begin PBXNativeTarget section */
		DE2F67EC1DC4F88F0058FA35 /* Sainet */ = {
			isa = PBXNativeTarget;
			buildConfigurationList = DE2F68041DC4F8910058FA35 /* Build configuration list for PBXNativeTarget "Sainet" */;
			buildPhases = (
				0179425B8541A7A14691AA52 /* Check Pods Manifest.lock */,
				DE2F67E91DC4F88F0058FA35 /* Sources */,
				DE2F67EA1DC4F88F0058FA35 /* Frameworks */,
				DE2F67EB1DC4F88F0058FA35 /* Resources */,
				DF8F359EFFA662A4AC34E4DA /* Embed Pods Frameworks */,
				D558E19943B0D7451221E959 /* Copy Pods Resources */,
				DE978E311DC91A3C005B4A79 /* ShellScript */,
			);
			buildRules = (
			);
			dependencies = (
			);
			name = Sainet;
			productName = Sainet;
			productReference = DE2F67ED1DC4F8910058FA35 /* Sainet.app */;
			productType = "com.apple.product-type.application";
		};
/* End PBXNativeTarget section */

/* Begin PBXProject section */
		DE2F67E51DC4F88F0058FA35 /* Project object */ = {
			isa = PBXProject;
			attributes = {
				LastUpgradeCheck = 0800;
				ORGANIZATIONNAME = "Santiago Rodriguez";
				TargetAttributes = {
					DE2F67EC1DC4F88F0058FA35 = {
						CreatedOnToolsVersion = 8.0;
						DevelopmentTeam = S3J5A47ESW;
						ProvisioningStyle = Manual;
						SystemCapabilities = {
							com.apple.Keychain = {
								enabled = 1;
							};
						};
					};
				};
			};
			buildConfigurationList = DE2F67E81DC4F88F0058FA35 /* Build configuration list for PBXProject "Sainet" */;
			compatibilityVersion = "Xcode 3.2";
			developmentRegion = English;
			hasScannedForEncodings = 0;
			knownRegions = (
				en,
				Base,
			);
			mainGroup = DE2F67E41DC4F88F0058FA35;
			productRefGroup = DE2F67EE1DC4F8910058FA35 /* Products */;
			projectDirPath = "";
			projectRoot = "";
			targets = (
				DE2F67EC1DC4F88F0058FA35 /* Sainet */,
			);
		};
/* End PBXProject section */

/* Begin PBXResourcesBuildPhase section */
		DE2F67EB1DC4F88F0058FA35 /* Resources */ = {
			isa = PBXResourcesBuildPhase;
			buildActionMask = 2147483647;
			files = (
				DE2F68001DC4F8910058FA35 /* LaunchScreen.storyboard in Resources */,
				DE2F67FD1DC4F8910058FA35 /* Assets.xcassets in Resources */,
				DE2F67FB1DC4F8910058FA35 /* Main.storyboard in Resources */,
			);
			runOnlyForDeploymentPostprocessing = 0;
		};
/* End PBXResourcesBuildPhase section */

/* Begin PBXShellScriptBuildPhase section */
		0179425B8541A7A14691AA52 /* Check Pods Manifest.lock */ = {
			isa = PBXShellScriptBuildPhase;
			buildActionMask = 2147483647;
			files = (
			);
			inputPaths = (
			);
			name = "Check Pods Manifest.lock";
			outputPaths = (
			);
			runOnlyForDeploymentPostprocessing = 0;
			shellPath = /bin/sh;
			shellScript = "diff \"${PODS_ROOT}/../Podfile.lock\" \"${PODS_ROOT}/Manifest.lock\" > /dev/null\nif [[ $? != 0 ]] ; then\n    cat << EOM\nerror: The sandbox is not in sync with the Podfile.lock. Run 'pod install' or update your CocoaPods installation.\nEOM\n    exit 1\nfi\n";
			showEnvVarsInLog = 0;
		};
		D558E19943B0D7451221E959 /* Copy Pods Resources */ = {
			isa = PBXShellScriptBuildPhase;
			buildActionMask = 2147483647;
			files = (
			);
			inputPaths = (
			);
			name = "Copy Pods Resources";
			outputPaths = (
			);
			runOnlyForDeploymentPostprocessing = 0;
			shellPath = /bin/sh;
			shellScript = "\"${SRCROOT}/Pods/Target Support Files/Pods-Sainet/Pods-Sainet-resources.sh\"\n";
			showEnvVarsInLog = 0;
		};
		DE978E311DC91A3C005B4A79 /* ShellScript */ = {
			isa = PBXShellScriptBuildPhase;
			buildActionMask = 2147483647;
			files = (
			);
			inputPaths = (
			);
			outputPaths = (
			);
			runOnlyForDeploymentPostprocessing = 0;
			shellPath = /bin/sh;
			shellScript = "\"${PODS_ROOT}/Fabric/run\" 68ca00ee411f944f77ff786772d9ce01f5b83c03 fc8e4580c54a8e241d47ee60c49489e1b89a6be63f186f682b9963fa4429f6c0";
		};
		DF8F359EFFA662A4AC34E4DA /* Embed Pods Frameworks */ = {
			isa = PBXShellScriptBuildPhase;
			buildActionMask = 2147483647;
			files = (
			);
			inputPaths = (
			);
			name = "Embed Pods Frameworks";
			outputPaths = (
			);
			runOnlyForDeploymentPostprocessing = 0;
			shellPath = /bin/sh;
			shellScript = "\"${SRCROOT}/Pods/Target Support Files/Pods-Sainet/Pods-Sainet-frameworks.sh\"\n";
			showEnvVarsInLog = 0;
		};
/* End PBXShellScriptBuildPhase section */

/* Begin PBXSourcesBuildPhase section */
		DE2F67E91DC4F88F0058FA35 /* Sources */ = {
			isa = PBXSourcesBuildPhase;
			buildActionMask = 2147483647;
			files = (
				DE2F67F81DC4F8910058FA35 /* ViewController.m in Sources */,
				DE9A1E131DC677EB00B783A1 /* MenuViewController.m in Sources */,
				DE2F680F1DC526260058FA35 /* Lugar.m in Sources */,
				DE9A1E101DC6754800B783A1 /* SWRevealViewController.m in Sources */,
				DE2F67F51DC4F8910058FA35 /* AppDelegate.m in Sources */,
				DE9A1E251DC6FCF300B783A1 /* Usuario.m in Sources */,
				DECD68AD1DC5376600708E37 /* ListTableViewCell.m in Sources */,
				DE9A1E191DC6874100B783A1 /* LogInViewController.m in Sources */,
				DE2F67F21DC4F8910058FA35 /* main.m in Sources */,
				DE9A1E211DC6CFCC00B783A1 /* MBProgressHUD.m in Sources */,
				DE2F68091DC51C330058FA35 /* MapViewController.m in Sources */,
				DE9A1E1E1DC6CF9F00B783A1 /* Reachability.m in Sources */,
				DE9A1E161DC679FA00B783A1 /* NewPlaceViewController.m in Sources */,
				DE9A1E281DC7095000B783A1 /* ViewPlaceViewController.m in Sources */,
			);
			runOnlyForDeploymentPostprocessing = 0;
		};
/* End PBXSourcesBuildPhase section */

/* Begin PBXVariantGroup section */
		DE2F67F91DC4F8910058FA35 /* Main.storyboard */ = {
			isa = PBXVariantGroup;
			children = (
				DE2F67FA1DC4F8910058FA35 /* Base */,
			);
			name = Main.storyboard;
			sourceTree = "<group>";
		};
		DE2F67FE1DC4F8910058FA35 /* LaunchScreen.storyboard */ = {
			isa = PBXVariantGroup;
			children = (
				DE2F67FF1DC4F8910058FA35 /* Base */,
			);
			name = LaunchScreen.storyboard;
			sourceTree = "<group>";
		};
/* End PBXVariantGroup section */

/* Begin XCBuildConfiguration section */
		DE2F68021DC4F8910058FA35 /* Debug */ = {
			isa = XCBuildConfiguration;
			buildSettings = {
				ALWAYS_SEARCH_USER_PATHS = NO;
				CLANG_ANALYZER_NONNULL = YES;
				CLANG_CXX_LANGUAGE_STANDARD = "gnu++0x";
				CLANG_CXX_LIBRARY = "libc++";
				CLANG_ENABLE_MODULES = YES;
				CLANG_ENABLE_OBJC_ARC = YES;
				CLANG_WARN_BOOL_CONVERSION = YES;
				CLANG_WARN_CONSTANT_CONVERSION = YES;
				CLANG_WARN_DIRECT_OBJC_ISA_USAGE = YES_ERROR;
				CLANG_WARN_DOCUMENTATION_COMMENTS = YES;
				CLANG_WARN_EMPTY_BODY = YES;
				CLANG_WARN_ENUM_CONVERSION = YES;
				CLANG_WARN_INFINITE_RECURSION = YES;
				CLANG_WARN_INT_CONVERSION = YES;
				CLANG_WARN_OBJC_ROOT_CLASS = YES_ERROR;
				CLANG_WARN_SUSPICIOUS_MOVES = YES;
				CLANG_WARN_UNREACHABLE_CODE = YES;
				CLANG_WARN__DUPLICATE_METHOD_MATCH = YES;
				"CODE_SIGN_IDENTITY[sdk=iphoneos*]" = "iPhone Developer";
				COPY_PHASE_STRIP = NO;
				DEBUG_INFORMATION_FORMAT = dwarf;
				ENABLE_STRICT_OBJC_MSGSEND = YES;
				ENABLE_TESTABILITY = YES;
				GCC_C_LANGUAGE_STANDARD = gnu99;
				GCC_DYNAMIC_NO_PIC = NO;
				GCC_NO_COMMON_BLOCKS = YES;
				GCC_OPTIMIZATION_LEVEL = 0;
				GCC_PREPROCESSOR_DEFINITIONS = (
					"DEBUG=1",
					"$(inherited)",
				);
				GCC_WARN_64_TO_32_BIT_CONVERSION = YES;
				GCC_WARN_ABOUT_RETURN_TYPE = YES_ERROR;
				GCC_WARN_UNDECLARED_SELECTOR = YES;
				GCC_WARN_UNINITIALIZED_AUTOS = YES_AGGRESSIVE;
				GCC_WARN_UNUSED_FUNCTION = YES;
				GCC_WARN_UNUSED_VARIABLE = YES;
				IPHONEOS_DEPLOYMENT_TARGET = 10.0;
				MTL_ENABLE_DEBUG_INFO = YES;
				ONLY_ACTIVE_ARCH = YES;
				SDKROOT = iphoneos;
				TARGETED_DEVICE_FAMILY = "1,2";
			};
			name = Debug;
		};
		DE2F68031DC4F8910058FA35 /* Release */ = {
			isa = XCBuildConfiguration;
			buildSettings = {
				ALWAYS_SEARCH_USER_PATHS = NO;
				CLANG_ANALYZER_NONNULL = YES;
				CLANG_CXX_LANGUAGE_STANDARD = "gnu++0x";
				CLANG_CXX_LIBRARY = "libc++";
				CLANG_ENABLE_MODULES = YES;
				CLANG_ENABLE_OBJC_ARC = YES;
				CLANG_WARN_BOOL_CONVERSION = YES;
				CLANG_WARN_CONSTANT_CONVERSION = YES;
				CLANG_WARN_DIRECT_OBJC_ISA_USAGE = YES_ERROR;
				CLANG_WARN_DOCUMENTATION_COMMENTS = YES;
				CLANG_WARN_EMPTY_BODY = YES;
				CLANG_WARN_ENUM_CONVERSION = YES;
				CLANG_WARN_INFINITE_RECURSION = YES;
				CLANG_WARN_INT_CONVERSION = YES;
				CLANG_WARN_OBJC_ROOT_CLASS = YES_ERROR;
				CLANG_WARN_SUSPICIOUS_MOVES = YES;
				CLANG_WARN_UNREACHABLE_CODE = YES;
				CLANG_WARN__DUPLICATE_METHOD_MATCH = YES;
				"CODE_SIGN_IDENTITY[sdk=iphoneos*]" = "iPhone Developer";
				COPY_PHASE_STRIP = NO;
				DEBUG_INFORMATION_FORMAT = "dwarf-with-dsym";
				ENABLE_NS_ASSERTIONS = NO;
				ENABLE_STRICT_OBJC_MSGSEND = YES;
				GCC_C_LANGUAGE_STANDARD = gnu99;
				GCC_NO_COMMON_BLOCKS = YES;
				GCC_WARN_64_TO_32_BIT_CONVERSION = YES;
				GCC_WARN_ABOUT_RETURN_TYPE = YES_ERROR;
				GCC_WARN_UNDECLARED_SELECTOR = YES;
				GCC_WARN_UNINITIALIZED_AUTOS = YES_AGGRESSIVE;
				GCC_WARN_UNUSED_FUNCTION = YES;
				GCC_WARN_UNUSED_VARIABLE = YES;
				IPHONEOS_DEPLOYMENT_TARGET = 10.0;
				MTL_ENABLE_DEBUG_INFO = NO;
				SDKROOT = iphoneos;
				TARGETED_DEVICE_FAMILY = "1,2";
				VALIDATE_PRODUCT = YES;
			};
			name = Release;
		};
		DE2F68051DC4F8910058FA35 /* Debug */ = {
			isa = XCBuildConfiguration;
			baseConfigurationReference = 9386961E1AF8E965DD411914 /* Pods-Sainet.debug.xcconfig */;
			buildSettings = {
				ASSETCATALOG_COMPILER_APPICON_NAME = AppIcon;
				CODE_SIGN_ENTITLEMENTS = Sainet/Sainet.entitlements;
				"CODE_SIGN_IDENTITY[sdk=iphoneos*]" = "iPhone Developer";
				DEVELOPMENT_TEAM = S3J5A47ESW;
				INFOPLIST_FILE = Sainet/Info.plist;
				LD_RUNPATH_SEARCH_PATHS = "$(inherited) @executable_path/Frameworks";
				PRODUCT_BUNDLE_IDENTIFIER = com.santiago.Sainet;
				PRODUCT_NAME = "$(TARGET_NAME)";
				PROVISIONING_PROFILE = "2e521236-aa4d-43d1-9a47-df4c8a24e917";
				PROVISIONING_PROFILE_SPECIFIER = "Provisional Profile Development Sainet";
			};
			name = Debug;
		};
		DE2F68061DC4F8910058FA35 /* Release */ = {
			isa = XCBuildConfiguration;
			baseConfigurationReference = C23C2A8F2FD6D0BC2DFEB017 /* Pods-Sainet.release.xcconfig */;
			buildSettings = {
				ASSETCATALOG_COMPILER_APPICON_NAME = AppIcon;
				CODE_SIGN_ENTITLEMENTS = Sainet/Sainet.entitlements;
				"CODE_SIGN_IDENTITY[sdk=iphoneos*]" = "iPhone Developer";
				DEVELOPMENT_TEAM = S3J5A47ESW;
				INFOPLIST_FILE = Sainet/Info.plist;
				LD_RUNPATH_SEARCH_PATHS = "$(inherited) @executable_path/Frameworks";
				PRODUCT_BUNDLE_IDENTIFIER = com.santiago.Sainet;
				PRODUCT_NAME = "$(TARGET_NAME)";
				PROVISIONING_PROFILE = "2e521236-aa4d-43d1-9a47-df4c8a24e917";
				PROVISIONING_PROFILE_SPECIFIER = "Provisional Profile Development Sainet";
			};
			name = Release;
		};
/* End XCBuildConfiguration section */

/* Begin XCConfigurationList section */
		DE2F67E81DC4F88F0058FA35 /* Build configuration list for PBXProject "Sainet" */ = {
			isa = XCConfigurationList;
			buildConfigurations = (
				DE2F68021DC4F8910058FA35 /* Debug */,
				DE2F68031DC4F8910058FA35 /* Release */,
			);
			defaultConfigurationIsVisible = 0;
			defaultConfigurationName = Release;
		};
		DE2F68041DC4F8910058FA35 /* Build configuration list for PBXNativeTarget "Sainet" */ = {
			isa = XCConfigurationList;
			buildConfigurations = (
				DE2F68051DC4F8910058FA35 /* Debug */,
				DE2F68061DC4F8910058FA35 /* Release */,
			);
			defaultConfigurationIsVisible = 0;
			defaultConfigurationName = Release;
		};
/* End XCConfigurationList section */
	};
	rootObject = DE2F67E51DC4F88F0058FA35 /* Project object */;
}
